
Microsoft Visual Studio Solution File, Format Version 12.00
# Visual Studio Version 16
VisualStudioVersion = 16.0.31515.178
MinimumVisualStudioVersion = 10.0.40219.1
Project("{FAE04EC0-301F-11D3-BF4B-00C04F79EFBC}") = "Business", "Business\Business.csproj", "{BA582E6B-9FD1-4BE2-9106-A762CEB32453}"
EndProject
Project("{FAE04EC0-301F-11D3-BF4B-00C04F79EFBC}") = "Core", "Core\Core.csproj", "{84449328-3264-403F-82B1-B5B49AD5B059}"
EndProject
Project("{FAE04EC0-301F-11D3-BF4B-00C04F79EFBC}") = "DataAccess", "DataAccess\DataAccess.csproj", "{7CF697A4-9D7D-4B1A-8B79-F304789F16FE}"
EndProject
Project("{FAE04EC0-301F-11D3-BF4B-00C04F79EFBC}") = "Entities", "Entities\Entities.csproj", "{846B6C40-3688-4E15-9C12-912EAB0B5E09}"
EndProject
Project("{FAE04EC0-301F-11D3-BF4B-00C04F79EFBC}") = "WebApi", "WebApi\WebApi.csproj", "{10604E0A-E910-4041-A96A-2AAEB41CD49E}"
EndProject
Global
	GlobalSection(SolutionConfigurationPlatforms) = preSolution
		Debug|Any CPU = Debug|Any CPU
		Release|Any CPU = Release|Any CPU
	EndGlobalSection
	GlobalSection(ProjectConfigurationPlatforms) = postSolution
		{BA582E6B-9FD1-4BE2-9106-A762CEB32453}.Debug|Any CPU.ActiveCfg = Debug|Any CPU
		{BA582E6B-9FD1-4BE2-9106-A762CEB32453}.Debug|Any CPU.Build.0 = Debug|Any CPU
		{BA582E6B-9FD1-4BE2-9106-A762CEB32453}.Release|Any CPU.ActiveCfg = Release|Any CPU
		{BA582E6B-9FD1-4BE2-9106-A762CEB32453}.Release|Any CPU.Build.0 = Release|Any CPU
		{84449328-3264-403F-82B1-B5B49AD5B059}.Debug|Any CPU.ActiveCfg = Debug|Any CPU
		{84449328-3264-403F-82B1-B5B49AD5B059}.Debug|Any CPU.Build.0 = Debug|Any CPU
		{84449328-3264-403F-82B1-B5B49AD5B059}.Release|Any CPU.ActiveCfg = Release|Any CPU
		{84449328-3264-403F-82B1-B5B49AD5B059}.Release|Any CPU.Build.0 = Release|Any CPU
		{7CF697A4-9D7D-4B1A-8B79-F304789F16FE}.Debug|Any CPU.ActiveCfg = Debug|Any CPU
		{7CF697A4-9D7D-4B1A-8B79-F304789F16FE}.Debug|Any CPU.Build.0 = Debug|Any CPU
		{7CF697A4-9D7D-4B1A-8B79-F304789F16FE}.Release|Any CPU.ActiveCfg = Release|Any CPU
		{7CF697A4-9D7D-4B1A-8B79-F304789F16FE}.Release|Any CPU.Build.0 = Release|Any CPU
		{846B6C40-3688-4E15-9C12-912EAB0B5E09}.Debug|Any CPU.ActiveCfg = Debug|Any CPU
		{846B6C40-3688-4E15-9C12-912EAB0B5E09}.Debug|Any CPU.Build.0 = Debug|Any CPU
		{846B6C40-3688-4E15-9C12-912EAB0B5E09}.Release|Any CPU.ActiveCfg = Release|Any CPU
		{846B6C40-3688-4E15-9C12-912EAB0B5E09}.Release|Any CPU.Build.0 = Release|Any CPU
		{10604E0A-E910-4041-A96A-2AAEB41CD49E}.Debug|Any CPU.ActiveCfg = Debug|Any CPU
		{10604E0A-E910-4041-A96A-2AAEB41CD49E}.Debug|Any CPU.Build.0 = Debug|Any CPU
		{10604E0A-E910-4041-A96A-2AAEB41CD49E}.Release|Any CPU.ActiveCfg = Release|Any CPU
		{10604E0A-E910-4041-A96A-2AAEB41CD49E}.Release|Any CPU.Build.0 = Release|Any CPU
	EndGlobalSection
	GlobalSection(SolutionProperties) = preSolution
		HideSolutionNode = FALSE
	EndGlobalSection
	GlobalSection(ExtensibilityGlobals) = postSolution
		SolutionGuid = {FA2EFD37-CCF6-458D-A6E9-417DCBFAD500}
	EndGlobalSection
EndGlobal
